Microsoft Visual Studio Solution File, Format Version 12.00
# Visual Studio 15
VisualStudioVersion = 15.0.26124.0
MinimumVisualStudioVersion = 15.0.26124.0
Project("{6EC3EE1D-3C4E-46DD-8F32-0CC8E7565705}") = "SF15to18", "SF15to18\SF15to18.fsproj", "{BE940515-6AB7-48C8-BE41-1583451FE1E6}"
EndProject
Project("{F2A71F9B-5D33-465A-A702-920D77279786}") = "SF15to18.Tests", "SF15to18.Tests\SF15to18.Tests.fsproj", "{30D3D54A-CECD-47DB-B0DB-E76B7AE457AF}"
EndProject
Global
	GlobalSection(SolutionConfigurationPlatforms) = preSolution
		Debug|Any CPU = Debug|Any CPU
		Debug|x64 = Debug|x64
		Debug|x86 = Debug|x86
		Release|Any CPU = Release|Any CPU
		Release|x64 = Release|x64
		Release|x86 = Release|x86
	EndGlobalSection
	GlobalSection(ProjectConfigurationPlatforms) = postSolution
		{BE940515-6AB7-48C8-BE41-1583451FE1E6}.Debug|Any CPU.ActiveCfg = Debug|Any CPU
		{BE940515-6AB7-48C8-BE41-1583451FE1E6}.Debug|Any CPU.Build.0 = Debug|Any CPU
		{BE940515-6AB7-48C8-BE41-1583451FE1E6}.Debug|x64.ActiveCfg = Debug|Any CPU
		{BE940515-6AB7-48C8-BE41-1583451FE1E6}.Debug|x64.Build.0 = Debug|Any CPU
		{BE940515-6AB7-48C8-BE41-1583451FE1E6}.Debug|x86.ActiveCfg = Debug|Any CPU
		{BE940515-6AB7-48C8-BE41-1583451FE1E6}.Debug|x86.Build.0 = Debug|Any CPU
		{BE940515-6AB7-48C8-BE41-1583451FE1E6}.Release|Any CPU.ActiveCfg = Release|Any CPU
		{BE940515-6AB7-48C8-BE41-1583451FE1E6}.Release|Any CPU.Build.0 = Release|Any CPU
		{BE940515-6AB7-48C8-BE41-1583451FE1E6}.Release|x64.ActiveCfg = Release|Any CPU
		{BE940515-6AB7-48C8-BE41-1583451FE1E6}.Release|x64.Build.0 = Release|Any CPU
		{BE940515-6AB7-48C8-BE41-1583451FE1E6}.Release|x86.ActiveCfg = Release|Any CPU
		{BE940515-6AB7-48C8-BE41-1583451FE1E6}.Release|x86.Build.0 = Release|Any CPU
		{30D3D54A-CECD-47DB-B0DB-E76B7AE457AF}.Debug|Any CPU.ActiveCfg = Debug|Any CPU
		{30D3D54A-CECD-47DB-B0DB-E76B7AE457AF}.Debug|Any CPU.Build.0 = Debug|Any CPU
		{30D3D54A-CECD-47DB-B0DB-E76B7AE457AF}.Debug|x64.ActiveCfg = Debug|x64
		{30D3D54A-CECD-47DB-B0DB-E76B7AE457AF}.Debug|x64.Build.0 = Debug|x64
		{30D3D54A-CECD-47DB-B0DB-E76B7AE457AF}.Debug|x86.ActiveCfg = Debug|x86
		{30D3D54A-CECD-47DB-B0DB-E76B7AE457AF}.Debug|x86.Build.0 = Debug|x86
		{30D3D54A-CECD-47DB-B0DB-E76B7AE457AF}.Release|Any CPU.ActiveCfg = Release|Any CPU
		{30D3D54A-CECD-47DB-B0DB-E76B7AE457AF}.Release|Any CPU.Build.0 = Release|Any CPU
		{30D3D54A-CECD-47DB-B0DB-E76B7AE457AF}.Release|x64.ActiveCfg = Release|x64
		{30D3D54A-CECD-47DB-B0DB-E76B7AE457AF}.Release|x64.Build.0 = Release|x64
		{30D3D54A-CECD-47DB-B0DB-E76B7AE457AF}.Release|x86.ActiveCfg = Release|x86
		{30D3D54A-CECD-47DB-B0DB-E76B7AE457AF}.Release|x86.Build.0 = Release|x86
	EndGlobalSection
	GlobalSection(SolutionProperties) = preSolution
		HideSolutionNode = FALSE
	EndGlobalSection
	GlobalSection(ExtensibilityGlobals) = postSolution
		SolutionGuid = {01E4C6EE-D595-4C66-AE2B-7666DB6BDF8C}
	EndGlobalSection
EndGlobal
